
Microsoft Visual Studio Solution File, Format Version 12.00
# Visual Studio Version 16
VisualStudioVersion = 16.0.31424.327
MinimumVisualStudioVersion = 10.0.40219.1
Project("{FAE04EC0-301F-11D3-BF4B-00C04F79EFBC}") = "Studentportal", "Studentportal\Studentportal.csproj", "{8085B99B-EA54-47DA-9B3D-D09C0C707518}"
EndProject
Global
	GlobalSection(SolutionConfigurationPlatforms) = preSolution
		Debug|Any CPU = Debug|Any CPU
		Release|Any CPU = Release|Any CPU
	EndGlobalSection
	GlobalSection(ProjectConfigurationPlatforms) = postSolution
		{8085B99B-EA54-47DA-9B3D-D09C0C707518}.Debug|Any CPU.ActiveCfg = Debug|Any CPU
		{8085B99B-EA54-47DA-9B3D-D09C0C707518}.Debug|Any CPU.Build.0 = Debug|Any CPU
		{8085B99B-EA54-47DA-9B3D-D09C0C707518}.Release|Any CPU.ActiveCfg = Release|Any CPU
		{8085B99B-EA54-47DA-9B3D-D09C0C707518}.Release|Any CPU.Build.0 = Release|Any CPU
	EndGlobalSection
	GlobalSection(SolutionProperties) = preSolution
		HideSolutionNode = FALSE
	EndGlobalSection
	GlobalSection(ExtensibilityGlobals) = postSolution
		SolutionGuid = {1D2A5339-7A2C-472C-9F9C-9F33D10BE061}
	EndGlobalSection
EndGlobal
